
Microsoft Visual Studio Solution File, Format Version 12.00
# Visual Studio Version 17
VisualStudioVersion = 17.9.34714.143
MinimumVisualStudioVersion = 10.0.40219.1
Project("{FAE04EC0-301F-11D3-BF4B-00C04F79EFBC}") = "GithubSecretTest", "GithubSecretTest.csproj", "{98BACDEF-EC12-4F27-9B91-3B906B4FC58B}"
EndProject
Global
	GlobalSection(SolutionConfigurationPlatforms) = preSolution
		Debug|Any CPU = Debug|Any CPU
		Release|Any CPU = Release|Any CPU
	EndGlobalSection
	GlobalSection(ProjectConfigurationPlatforms) = postSolution
		{98BACDEF-EC12-4F27-9B91-3B906B4FC58B}.Debug|Any CPU.ActiveCfg = Debug|Any CPU
		{98BACDEF-EC12-4F27-9B91-3B906B4FC58B}.Debug|Any CPU.Build.0 = Debug|Any CPU
		{98BACDEF-EC12-4F27-9B91-3B906B4FC58B}.Release|Any CPU.ActiveCfg = Release|Any CPU
		{98BACDEF-EC12-4F27-9B91-3B906B4FC58B}.Release|Any CPU.Build.0 = Release|Any CPU
	EndGlobalSection
	GlobalSection(SolutionProperties) = preSolution
		HideSolutionNode = FALSE
	EndGlobalSection
	GlobalSection(ExtensibilityGlobals) = postSolution
		SolutionGuid = {C59200AF-2F89-4B4C-8AFA-BB3A16351A78}
	EndGlobalSection
EndGlobal
